// !$*UTF8*$!
{
	archiveVersion = 1;
	classes = {
	};
	objectVersion = 56;
	objects = {

/* Begin PBXBuildFile section */
		148B825D2C9C705600AA9C40 /* FPL_AIApp.swift in Sources */ = {isa = PBXBuildFile; fileRef = 148B825C2C9C705600AA9C40 /* FPL_AIApp.swift */; };
		148B825F2C9C705600AA9C40 /* ContentView.swift in Sources */ = {isa = PBXBuildFile; fileRef = 148B825E2C9C705600AA9C40 /* ContentView.swift */; };
		148B82612C9C705800AA9C40 /* Assets.xcassets in Resources */ = {isa = PBXBuildFile; fileRef = 148B82602C9C705800AA9C40 /* Assets.xcassets */; };
		148B82642C9C705800AA9C40 /* Preview Assets.xcassets in Resources */ = {isa = PBXBuildFile; fileRef = 148B82632C9C705800AA9C40 /* Preview Assets.xcassets */; };
		148B826F2C9C705900AA9C40 /* FPL_AITests.swift in Sources */ = {isa = PBXBuildFile; fileRef = 148B826E2C9C705900AA9C40 /* FPL_AITests.swift */; };
		148B82792C9C705900AA9C40 /* FPL_AIUITests.swift in Sources */ = {isa = PBXBuildFile; fileRef = 148B82782C9C705900AA9C40 /* FPL_AIUITests.swift */; };
		148B827B2C9C705900AA9C40 /* FPL_AIUITestsLaunchTests.swift in Sources */ = {isa = PBXBuildFile; fileRef = 148B827A2C9C705900AA9C40 /* FPL_AIUITestsLaunchTests.swift */; };
/* End PBXBuildFile section */

/* Begin PBXContainerItemProxy section */
		148B826B2C9C705900AA9C40 /* PBXContainerItemProxy */ = {
			isa = PBXContainerItemProxy;
			containerPortal = 148B82512C9C705600AA9C40 /* Project object */;
			proxyType = 1;
			remoteGlobalIDString = 148B82582C9C705600AA9C40;
			remoteInfo = "FPL-AI";
		};
		148B82752C9C705900AA9C40 /* PBXContainerItemProxy */ = {
			isa = PBXContainerItemProxy;
			containerPortal = 148B82512C9C705600AA9C40 /* Project object */;
			proxyType = 1;
			remoteGlobalIDString = 148B82582C9C705600AA9C40;
			remoteInfo = "FPL-AI";
		};
/* End PBXContainerItemProxy section */

/* Begin PBXFileReference section */
		148B82592C9C705600AA9C40 /* FPL-AI.app */ = {isa = PBXFileReference; explicitFileType = wrapper.application; includeInIndex = 0; path = "FPL-AI.app"; sourceTree = BUILT_PRODUCTS_DIR; };
		148B825C2C9C705600AA9C40 /* FPL_AIApp.swift */ = {isa = PBXFileReference; lastKnownFileType = sourcecode.swift; path = FPL_AIApp.swift; sourceTree = "<group>"; };
		148B825E2C9C705600AA9C40 /* ContentView.swift */ = {isa = PBXFileReference; lastKnownFileType = sourcecode.swift; path = ContentView.swift; sourceTree = "<group>"; };
		148B82602C9C705800AA9C40 /* Assets.xcassets */ = {isa = PBXFileReference; lastKnownFileType = folder.assetcatalog; path = Assets.xcassets; sourceTree = "<group>"; };
		148B82632C9C705800AA9C40 /* Preview Assets.xcassets */ = {isa = PBXFileReference; lastKnownFileType = folder.assetcatalog; path = "Preview Assets.xcassets"; sourceTree = "<group>"; };
		148B82652C9C705800AA9C40 /* FPL_AI.entitlements */ = {isa = PBXFileReference; lastKnownFileType = text.plist.entitlements; path = FPL_AI.entitlements; sourceTree = "<group>"; };
		148B826A2C9C705900AA9C40 /* FPL-AITests.xctest */ = {isa = PBXFileReference; explicitFileType = wrapper.cfbundle; includeInIndex = 0; path = "FPL-AITests.xctest"; sourceTree = BUILT_PRODUCTS_DIR; };
		148B826E2C9C705900AA9C40 /* FPL_AITests.swift */ = {isa = PBXFileReference; lastKnownFileType = sourcecode.swift; path = FPL_AITests.swift; sourceTree = "<group>"; };
		148B82742C9C705900AA9C40 /* FPL-AIUITests.xctest */ = {isa = PBXFileReference; explicitFileType = wrapper.cfbundle; includeInIndex = 0; path = "FPL-AIUITests.xctest"; sourceTree = BUILT_PRODUCTS_DIR; };
		148B82782C9C705900AA9C40 /* FPL_AIUITests.swift */ = {isa = PBXFileReference; lastKnownFileType = sourcecode.swift; path = FPL_AIUITests.swift; sourceTree = "<group>"; };
		148B827A2C9C705900AA9C40 /* FPL_AIUITestsLaunchTests.swift */ = {isa = PBXFileReference; lastKnownFileType = sourcecode.swift; path = FPL_AIUITestsLaunchTests.swift; sourceTree = "<group>"; };
/* End PBXFileReference section */

/* Begin PBXFrameworksBuildPhase section */
		148B82562C9C705600AA9C40 /* Frameworks */ = {
			isa = PBXFrameworksBuildPhase;
			buildActionMask = 2147483647;
			files = (
			);
			runOnlyForDeploymentPostprocessing = 0;
		};
		148B82672C9C705900AA9C40 /* Frameworks */ = {
			isa = PBXFrameworksBuildPhase;
			buildActionMask = 2147483647;
			files = (
			);
			runOnlyForDeploymentPostprocessing = 0;
		};
		148B82712C9C705900AA9C40 /* Frameworks */ = {
			isa = PBXFrameworksBuildPhase;
			buildActionMask = 2147483647;
			files = (
			);
			runOnlyForDeploymentPostprocessing = 0;
		};
/* End PBXFrameworksBuildPhase section */

/* Begin PBXGroup section */
		148B82502C9C705600AA9C40 = {
			isa = PBXGroup;
			children = (
				148B825B2C9C705600AA9C40 /* FPL-AI */,
				148B826D2C9C705900AA9C40 /* FPL-AITests */,
				148B82772C9C705900AA9C40 /* FPL-AIUITests */,
				148B825A2C9C705600AA9C40 /* Products */,
			);
			sourceTree = "<group>";
		};
		148B825A2C9C705600AA9C40 /* Products */ = {
			isa = PBXGroup;
			children = (
				148B82592C9C705600AA9C40 /* FPL-AI.app */,
				148B826A2C9C705900AA9C40 /* FPL-AITests.xctest */,
				148B82742C9C705900AA9C40 /* FPL-AIUITests.xctest */,
			);
			name = Products;
			sourceTree = "<group>";
		};
		148B825B2C9C705600AA9C40 /* FPL-AI */ = {
			isa = PBXGroup;
			children = (
				148B825C2C9C705600AA9C40 /* FPL_AIApp.swift */,
				148B825E2C9C705600AA9C40 /* ContentView.swift */,
				148B82602C9C705800AA9C40 /* Assets.xcassets */,
				148B82652C9C705800AA9C40 /* FPL_AI.entitlements */,
				148B82622C9C705800AA9C40 /* Preview Content */,
			);
			path = "FPL-AI";
			sourceTree = "<group>";
		};
		148B82622C9C705800AA9C40 /* Preview Content */ = {
			isa = PBXGroup;
			children = (
				148B82632C9C705800AA9C40 /* Preview Assets.xcassets */,
			);
			path = "Preview Content";
			sourceTree = "<group>";
		};
		148B826D2C9C705900AA9C40 /* FPL-AITests */ = {
			isa = PBXGroup;
			children = (
				148B826E2C9C705900AA9C40 /* FPL_AITests.swift */,
			);
			path = "FPL-AITests";
			sourceTree = "<group>";
		};
		148B82772C9C705900AA9C40 /* FPL-AIUITests */ = {
			isa = PBXGroup;
			children = (
				148B82782C9C705900AA9C40 /* FPL_AIUITests.swift */,
				148B827A2C9C705900AA9C40 /* FPL_AIUITestsLaunchTests.swift */,
			);
			path = "FPL-AIUITests";
			sourceTree = "<group>";
		};
/* End PBXGroup section */

/* Begin PBXNativeTarget section */
		148B82582C9C705600AA9C40 /* FPL-AI */ = {
			isa = PBXNativeTarget;
			buildConfigurationList = 148B827E2C9C705900AA9C40 /* Build configuration list for PBXNativeTarget "FPL-AI" */;
			buildPhases = (
				148B82552C9C705600AA9C40 /* Sources */,
				148B82562C9C705600AA9C40 /* Frameworks */,
				148B82572C9C705600AA9C40 /* Resources */,
			);
			buildRules = (
			);
			dependencies = (
			);
			name = "FPL-AI";
			productName = "FPL-AI";
			productReference = 148B82592C9C705600AA9C40 /* FPL-AI.app */;
			productType = "com.apple.product-type.application";
		};
		148B82692C9C705900AA9C40 /* FPL-AITests */ = {
			isa = PBXNativeTarget;
			buildConfigurationList = 148B82812C9C705900AA9C40 /* Build configuration list for PBXNativeTarget "FPL-AITests" */;
			buildPhases = (
				148B82662C9C705900AA9C40 /* Sources */,
				148B82672C9C705900AA9C40 /* Frameworks */,
				148B82682C9C705900AA9C40 /* Resources */,
			);
			buildRules = (
			);
			dependencies = (
				148B826C2C9C705900AA9C40 /* PBXTargetDependency */,
			);
			name = "FPL-AITests";
			productName = "FPL-AITests";
			productReference = 148B826A2C9C705900AA9C40 /* FPL-AITests.xctest */;
			productType = "com.apple.product-type.bundle.unit-test";
		};
		148B82732C9C705900AA9C40 /* FPL-AIUITests */ = {
			isa = PBXNativeTarget;
			buildConfigurationList = 148B82842C9C705900AA9C40 /* Build configuration list for PBXNativeTarget "FPL-AIUITests" */;
			buildPhases = (
				148B82702C9C705900AA9C40 /* Sources */,
				148B82712C9C705900AA9C40 /* Frameworks */,
				148B82722C9C705900AA9C40 /* Resources */,
			);
			buildRules = (
			);
			dependencies = (
				148B82762C9C705900AA9C40 /* PBXTargetDependency */,
			);
			name = "FPL-AIUITests";
			productName = "FPL-AIUITests";
			productReference = 148B82742C9C705900AA9C40 /* FPL-AIUITests.xctest */;
			productType = "com.apple.product-type.bundle.ui-testing";
		};
/* End PBXNativeTarget section */

/* Begin PBXProject section */
		148B82512C9C705600AA9C40 /* Project object */ = {
			isa = PBXProject;
			attributes = {
				BuildIndependentTargetsInParallel = 1;
				LastSwiftUpdateCheck = 1540;
				LastUpgradeCheck = 1540;
				TargetAttributes = {
					148B82582C9C705600AA9C40 = {
						CreatedOnToolsVersion = 15.4;
					};
					148B82692C9C705900AA9C40 = {
						CreatedOnToolsVersion = 15.4;
						TestTargetID = 148B82582C9C705600AA9C40;
					};
					148B82732C9C705900AA9C40 = {
						CreatedOnToolsVersion = 15.4;
						TestTargetID = 148B82582C9C705600AA9C40;
					};
				};
			};
			buildConfigurationList = 148B82542C9C705600AA9C40 /* Build configuration list for PBXProject "FPL-AI" */;
			compatibilityVersion = "Xcode 14.0";
			developmentRegion = en;
			hasScannedForEncodings = 0;
			knownRegions = (
				en,
				Base,
			);
			mainGroup = 148B82502C9C705600AA9C40;
			productRefGroup = 148B825A2C9C705600AA9C40 /* Products */;
			projectDirPath = "";
			projectRoot = "";
			targets = (
				148B82582C9C705600AA9C40 /* FPL-AI */,
				148B82692C9C705900AA9C40 /* FPL-AITests */,
				148B82732C9C705900AA9C40 /* FPL-AIUITests */,
			);
		};
/* End PBXProject section */

/* Begin PBXResourcesBuildPhase section */
		148B82572C9C705600AA9C40 /* Resources */ = {
			isa = PBXResourcesBuildPhase;
			buildActionMask = 2147483647;
			files = (
				148B82642C9C705800AA9C40 /* Preview Assets.xcassets in Resources */,
				148B82612C9C705800AA9C40 /* Assets.xcassets in Resources */,
			);
			runOnlyForDeploymentPostprocessing = 0;
		};
		148B82682C9C705900AA9C40 /* Resources */ = {
			isa = PBXResourcesBuildPhase;
			buildActionMask = 2147483647;
			files = (
			);
			runOnlyForDeploymentPostprocessing = 0;
		};
		148B82722C9C705900AA9C40 /* Resources */ = {
			isa = PBXResourcesBuildPhase;
			buildActionMask = 2147483647;
			files = (
			);
			runOnlyForDeploymentPostprocessing = 0;
		};
/* End PBXResourcesBuildPhase section */

/* Begin PBXSourcesBuildPhase section */
		148B82552C9C705600AA9C40 /* Sources */ = {
			isa = PBXSourcesBuildPhase;
			buildActionMask = 2147483647;
			files = (
				148B825F2C9C705600AA9C40 /* ContentView.swift in Sources */,
				148B825D2C9C705600AA9C40 /* FPL_AIApp.swift in Sources */,
			);
			runOnlyForDeploymentPostprocessing = 0;
		};
		148B82662C9C705900AA9C40 /* Sources */ = {
			isa = PBXSourcesBuildPhase;
			buildActionMask = 2147483647;
			files = (
				148B826F2C9C705900AA9C40 /* FPL_AITests.swift in Sources */,
			);
			runOnlyForDeploymentPostprocessing = 0;
		};
		148B82702C9C705900AA9C40 /* Sources */ = {
			isa = PBXSourcesBuildPhase;
			buildActionMask = 2147483647;
			files = (
				148B82792C9C705900AA9C40 /* FPL_AIUITests.swift in Sources */,
				148B827B2C9C705900AA9C40 /* FPL_AIUITestsLaunchTests.swift in Sources */,
			);
			runOnlyForDeploymentPostprocessing = 0;
		};
/* End PBXSourcesBuildPhase section */

/* Begin PBXTargetDependency section */
		148B826C2C9C705900AA9C40 /* PBXTargetDependency */ = {
			isa = PBXTargetDependency;
			target = 148B82582C9C705600AA9C40 /* FPL-AI */;
			targetProxy = 148B826B2C9C705900AA9C40 /* PBXContainerItemProxy */;
		};
		148B82762C9C705900AA9C40 /* PBXTargetDependency */ = {
			isa = PBXTargetDependency;
			target = 148B82582C9C705600AA9C40 /* FPL-AI */;
			targetProxy = 148B82752C9C705900AA9C40 /* PBXContainerItemProxy */;
		};
/* End PBXTargetDependency section */

/* Begin XCBuildConfiguration section */
		148B827C2C9C705900AA9C40 /* Debug */ = {
			isa = XCBuildConfiguration;
			buildSettings = {
				ALWAYS_SEARCH_USER_PATHS = NO;
				ASSETCATALOG_COMPILER_GENERATE_SWIFT_ASSET_SYMBOL_EXTENSIONS = YES;
				CLANG_ANALYZER_NONNULL = YES;
				CLANG_ANALYZER_NUMBER_OBJECT_CONVERSION = YES_AGGRESSIVE;
				CLANG_CXX_LANGUAGE_STANDARD = "gnu++20";
				CLANG_ENABLE_MODULES = YES;
				CLANG_ENABLE_OBJC_ARC = YES;
				CLANG_ENABLE_OBJC_WEAK = YES;
				CLANG_WARN_BLOCK_CAPTURE_AUTORELEASING = YES;
				CLANG_WARN_BOOL_CONVERSION = YES;
				CLANG_WARN_COMMA = YES;
				CLANG_WARN_CONSTANT_CONVERSION = YES;
				CLANG_WARN_DEPRECATED_OBJC_IMPLEMENTATIONS = YES;
				CLANG_WARN_DIRECT_OBJC_ISA_USAGE = YES_ERROR;
				CLANG_WARN_DOCUMENTATION_COMMENTS = YES;
				CLANG_WARN_EMPTY_BODY = YES;
				CLANG_WARN_ENUM_CONVERSION = YES;
				CLANG_WARN_INFINITE_RECURSION = YES;
				CLANG_WARN_INT_CONVERSION = YES;
				CLANG_WARN_NON_LITERAL_NULL_CONVERSION = YES;
				CLANG_WARN_OBJC_IMPLICIT_RETAIN_SELF = YES;
				CLANG_WARN_OBJC_LITERAL_CONVERSION = YES;
				CLANG_WARN_OBJC_ROOT_CLASS = YES_ERROR;
				CLANG_WARN_QUOTED_INCLUDE_IN_FRAMEWORK_HEADER = YES;
				CLANG_WARN_RANGE_LOOP_ANALYSIS = YES;
				CLANG_WARN_STRICT_PROTOTYPES = YES;
				CLANG_WARN_SUSPICIOUS_MOVE = YES;
				CLANG_WARN_UNGUARDED_AVAILABILITY = YES_AGGRESSIVE;
				CLANG_WARN_UNREACHABLE_CODE = YES;
				CLANG_WARN__DUPLICATE_METHOD_MATCH = YES;
				COPY_PHASE_STRIP = NO;
				DEBUG_INFORMATION_FORMAT = dwarf;
				ENABLE_STRICT_OBJC_MSGSEND = YES;
				ENABLE_TESTABILITY = YES;
				ENABLE_USER_SCRIPT_SANDBOXING = YES;
				GCC_C_LANGUAGE_STANDARD = gnu17;
				GCC_DYNAMIC_NO_PIC = NO;
				GCC_NO_COMMON_BLOCKS = YES;
				GCC_OPTIMIZATION_LEVEL = 0;
				GCC_PREPROCESSOR_DEFINITIONS = (
					"DEBUG=1",
					"$(inherited)",
				);
				GCC_WARN_64_TO_32_BIT_CONVERSION = YES;
				GCC_WARN_ABOUT_RETURN_TYPE = YES_ERROR;
				GCC_WARN_UNDECLARED_SELECTOR = YES;
				GCC_WARN_UNINITIALIZED_AUTOS = YES_AGGRESSIVE;
				GCC_WARN_UNUSED_FUNCTION = YES;
				GCC_WARN_UNUSED_VARIABLE = YES;
				LOCALIZATION_PREFERS_STRING_CATALOGS = YES;
				MACOSX_DEPLOYMENT_TARGET = 14.5;
				MTL_ENABLE_DEBUG_INFO = INCLUDE_SOURCE;
				MTL_FAST_MATH = YES;
				ONLY_ACTIVE_ARCH = YES;
				SDKROOT = macosx;
				SWIFT_ACTIVE_COMPILATION_CONDITIONS = "DEBUG $(inherited)";
				SWIFT_OPTIMIZATION_LEVEL = "-Onone";
			};
			name = Debug;
		};
		148B827D2C9C705900AA9C40 /* Release */ = {
			isa = XCBuildConfiguration;
			buildSettings = {
				ALWAYS_SEARCH_USER_PATHS = NO;
				ASSETCATALOG_COMPILER_GENERATE_SWIFT_ASSET_SYMBOL_EXTENSIONS = YES;
				CLANG_ANALYZER_NONNULL = YES;
				CLANG_ANALYZER_NUMBER_OBJECT_CONVERSION = YES_AGGRESSIVE;
				CLANG_CXX_LANGUAGE_STANDARD = "gnu++20";
				CLANG_ENABLE_MODULES = YES;
				CLANG_ENABLE_OBJC_ARC = YES;
				CLANG_ENABLE_OBJC_WEAK = YES;
				CLANG_WARN_BLOCK_CAPTURE_AUTORELEASING = YES;
				CLANG_WARN_BOOL_CONVERSION = YES;
				CLANG_WARN_COMMA = YES;
				CLANG_WARN_CONSTANT_CONVERSION = YES;
				CLANG_WARN_DEPRECATED_OBJC_IMPLEMENTATIONS = YES;
				CLANG_WARN_DIRECT_OBJC_ISA_USAGE = YES_ERROR;
				CLANG_WARN_DOCUMENTATION_COMMENTS = YES;
				CLANG_WARN_EMPTY_BODY = YES;
				CLANG_WARN_ENUM_CONVERSION = YES;
				CLANG_WARN_INFINITE_RECURSION = YES;
				CLANG_WARN_INT_CONVERSION = YES;
				CLANG_WARN_NON_LITERAL_NULL_CONVERSION = YES;
				CLANG_WARN_OBJC_IMPLICIT_RETAIN_SELF = YES;
				CLANG_WARN_OBJC_LITERAL_CONVERSION = YES;
				CLANG_WARN_OBJC_ROOT_CLASS = YES_ERROR;
				CLANG_WARN_QUOTED_INCLUDE_IN_FRAMEWORK_HEADER = YES;
				CLANG_WARN_RANGE_LOOP_ANALYSIS = YES;
				CLANG_WARN_STRICT_PROTOTYPES = YES;
				CLANG_WARN_SUSPICIOUS_MOVE = YES;
				CLANG_WARN_UNGUARDED_AVAILABILITY = YES_AGGRESSIVE;
				CLANG_WARN_UNREACHABLE_CODE = YES;
				CLANG_WARN__DUPLICATE_METHOD_MATCH = YES;
				COPY_PHASE_STRIP = NO;
				DEBUG_INFORMATION_FORMAT = "dwarf-with-dsym";
				ENABLE_NS_ASSERTIONS = NO;
				ENABLE_STRICT_OBJC_MSGSEND = YES;
				ENABLE_USER_SCRIPT_SANDBOXING = YES;
				GCC_C_LANGUAGE_STANDARD = gnu17;
				GCC_NO_COMMON_BLOCKS = YES;
				GCC_WARN_64_TO_32_BIT_CONVERSION = YES;
				GCC_WARN_ABOUT_RETURN_TYPE = YES_ERROR;
				GCC_WARN_UNDECLARED_SELECTOR = YES;
				GCC_WARN_UNINITIALIZED_AUTOS = YES_AGGRESSIVE;
				GCC_WARN_UNUSED_FUNCTION = YES;
				GCC_WARN_UNUSED_VARIABLE = YES;
				LOCALIZATION_PREFERS_STRING_CATALOGS = YES;
				MACOSX_DEPLOYMENT_TARGET = 14.5;
				MTL_ENABLE_DEBUG_INFO = NO;
				MTL_FAST_MATH = YES;
				SDKROOT = macosx;
				SWIFT_COMPILATION_MODE = wholemodule;
			};
			name = Release;
		};
		148B827F2C9C705900AA9C40 /* Debug */ = {
			isa = XCBuildConfiguration;
			buildSettings = {
				ASSETCATALOG_COMPILER_APPICON_NAME = AppIcon;
				ASSETCATALOG_COMPILER_GLOBAL_ACCENT_COLOR_NAME = AccentColor;
				CODE_SIGN_ENTITLEMENTS = "FPL-AI/FPL_AI.entitlements";
				CODE_SIGN_STYLE = Automatic;
				COMBINE_HIDPI_IMAGES = YES;
				CURRENT_PROJECT_VERSION = 1;
				DEVELOPMENT_ASSET_PATHS = "\"FPL-AI/Preview Content\"";
				DEVELOPMENT_TEAM = F4Y4J7N38V;
				ENABLE_HARDENED_RUNTIME = YES;
				ENABLE_PREVIEWS = YES;
				GENERATE_INFOPLIST_FILE = YES;
				INFOPLIST_KEY_NSHumanReadableCopyright = "";
				LD_RUNPATH_SEARCH_PATHS = (
					"$(inherited)",
					"@executable_path/../Frameworks",
				);
				MARKETING_VERSION = 1.0;
				PRODUCT_BUNDLE_IDENTIFIER = "seanowenhayes.FPL-AI";
				PRODUCT_NAME = "$(TARGET_NAME)";
				SWIFT_EMIT_LOC_STRINGS = YES;
				SWIFT_VERSION = 5.0;
			};
			name = Debug;
		};
		148B82802C9C705900AA9C40 /* Release */ = {
			isa = XCBuildConfiguration;
			buildSettings = {
				ASSETCATALOG_COMPILER_APPICON_NAME = AppIcon;
				ASSETCATALOG_COMPILER_GLOBAL_ACCENT_COLOR_NAME = AccentColor;
				CODE_SIGN_ENTITLEMENTS = "FPL-AI/FPL_AI.entitlements";
				CODE_SIGN_STYLE = Automatic;
				COMBINE_HIDPI_IMAGES = YES;
				CURRENT_PROJECT_VERSION = 1;
				DEVELOPMENT_ASSET_PATHS = "\"FPL-AI/Preview Content\"";
				DEVELOPMENT_TEAM = F4Y4J7N38V;
				ENABLE_HARDENED_RUNTIME = YES;
				ENABLE_PREVIEWS = YES;
				GENERATE_INFOPLIST_FILE = YES;
				INFOPLIST_KEY_NSHumanReadableCopyright = "";
				LD_RUNPATH_SEARCH_PATHS = (
					"$(inherited)",
					"@executable_path/../Frameworks",
				);
				MARKETING_VERSION = 1.0;
				PRODUCT_BUNDLE_IDENTIFIER = "seanowenhayes.FPL-AI";
				PRODUCT_NAME = "$(TARGET_NAME)";
				SWIFT_EMIT_LOC_STRINGS = YES;
				SWIFT_VERSION = 5.0;
			};
			name = Release;
		};
		148B82822C9C705900AA9C40 /* Debug */ = {
			isa = XCBuildConfiguration;
			buildSettings = {
				ALWAYS_EMBED_SWIFT_STANDARD_LIBRARIES = YES;
				BUNDLE_LOADER = "$(TEST_HOST)";
				CODE_SIGN_STYLE = Automatic;
				CURRENT_PROJECT_VERSION = 1;
				DEVELOPMENT_TEAM = F4Y4J7N38V;
				GENERATE_INFOPLIST_FILE = YES;
				MACOSX_DEPLOYMENT_TARGET = 14.5;
				MARKETING_VERSION = 1.0;
				PRODUCT_BUNDLE_IDENTIFIER = "seanowenhayes.FPL-AITests";
				PRODUCT_NAME = "$(TARGET_NAME)";
				SWIFT_EMIT_LOC_STRINGS = NO;
				SWIFT_VERSION = 5.0;
				TEST_HOST = "$(BUILT_PRODUCTS_DIR)/FPL-AI.app/$(BUNDLE_EXECUTABLE_FOLDER_PATH)/FPL-AI";
			};
			name = Debug;
		};
		148B82832C9C705900AA9C40 /* Release */ = {
			isa = XCBuildConfiguration;
			buildSettings = {
				ALWAYS_EMBED_SWIFT_STANDARD_LIBRARIES = YES;
				BUNDLE_LOADER = "$(TEST_HOST)";
				CODE_SIGN_STYLE = Automatic;
				CURRENT_PROJECT_VERSION = 1;
				DEVELOPMENT_TEAM = F4Y4J7N38V;
				GENERATE_INFOPLIST_FILE = YES;
				MACOSX_DEPLOYMENT_TARGET = 14.5;
				MARKETING_VERSION = 1.0;
				PRODUCT_BUNDLE_IDENTIFIER = "seanowenhayes.FPL-AITests";
				PRODUCT_NAME = "$(TARGET_NAME)";
				SWIFT_EMIT_LOC_STRINGS = NO;
				SWIFT_VERSION = 5.0;
				TEST_HOST = "$(BUILT_PRODUCTS_DIR)/FPL-AI.app/$(BUNDLE_EXECUTABLE_FOLDER_PATH)/FPL-AI";
			};
			name = Release;
		};
		148B82852C9C705900AA9C40 /* Debug */ = {
			isa = XCBuildConfiguration;
			buildSettings = {
				ALWAYS_EMBED_SWIFT_STANDARD_LIBRARIES = YES;
				CODE_SIGN_STYLE = Automatic;
				CURRENT_PROJECT_VERSION = 1;
				DEVELOPMENT_TEAM = F4Y4J7N38V;
				GENERATE_INFOPLIST_FILE = YES;
				MARKETING_VERSION = 1.0;
				PRODUCT_BUNDLE_IDENTIFIER = "seanowenhayes.FPL-AIUITests";
				PRODUCT_NAME = "$(TARGET_NAME)";
				SWIFT_EMIT_LOC_STRINGS = NO;
				SWIFT_VERSION = 5.0;
				TEST_TARGET_NAME = "FPL-AI";
			};
			name = Debug;
		};
		148B82862C9C705900AA9C40 /* Release */ = {
			isa = XCBuildConfiguration;
			buildSettings = {
				ALWAYS_EMBED_SWIFT_STANDARD_LIBRARIES = YES;
				CODE_SIGN_STYLE = Automatic;
				CURRENT_PROJECT_VERSION = 1;
				DEVELOPMENT_TEAM = F4Y4J7N38V;
				GENERATE_INFOPLIST_FILE = YES;
				MARKETING_VERSION = 1.0;
				PRODUCT_BUNDLE_IDENTIFIER = "seanowenhayes.FPL-AIUITests";
				PRODUCT_NAME = "$(TARGET_NAME)";
				SWIFT_EMIT_LOC_STRINGS = NO;
				SWIFT_VERSION = 5.0;
				TEST_TARGET_NAME = "FPL-AI";
			};
			name = Release;
		};
/* End XCBuildConfiguration section */

/* Begin XCConfigurationList section */
		148B82542C9C705600AA9C40 /* Build configuration list for PBXProject "FPL-AI" */ = {
			isa = XCConfigurationList;
			buildConfigurations = (
				148B827C2C9C705900AA9C40 /* Debug */,
				148B827D2C9C705900AA9C40 /* Release */,
			);
			defaultConfigurationIsVisible = 0;
			defaultConfigurationName = Release;
		};
		148B827E2C9C705900AA9C40 /* Build configuration list for PBXNativeTarget "FPL-AI" */ = {
			isa = XCConfigurationList;
			buildConfigurations = (
				148B827F2C9C705900AA9C40 /* Debug */,
				148B82802C9C705900AA9C40 /* Release */,
			);
			defaultConfigurationIsVisible = 0;
			defaultConfigurationName = Release;
		};
		148B82812C9C705900AA9C40 /* Build configuration list for PBXNativeTarget "FPL-AITests" */ = {
			isa = XCConfigurationList;
			buildConfigurations = (
				148B82822C9C705900AA9C40 /* Debug */,
				148B82832C9C705900AA9C40 /* Release */,
			);
			defaultConfigurationIsVisible = 0;
			defaultConfigurationName = Release;
		};
		148B82842C9C705900AA9C40 /* Build configuration list for PBXNativeTarget "FPL-AIUITests" */ = {
			isa = XCConfigurationList;
			buildConfigurations = (
				148B82852C9C705900AA9C40 /* Debug */,
				148B82862C9C705900AA9C40 /* Release */,
			);
			defaultConfigurationIsVisible = 0;
			defaultConfigurationName = Release;
		};
/* End XCConfigurationList section */
	};
	rootObject = 148B82512C9C705600AA9C40 /* Project object */;
}
